
Microsoft Visual Studio Solution File, Format Version 12.00
# Visual Studio Version 16
VisualStudioVersion = 16.0.31105.61
MinimumVisualStudioVersion = 10.0.40219.1
Project("{9A19103F-16F7-4668-BE54-9A1E7A4F7556}") = "OdeToFood", "OdeToFood\OdeToFood.csproj", "{555E0825-F19D-434C-B918-4B776D3DF8C3}"
EndProject
Project("{FAE04EC0-301F-11D3-BF4B-00C04F79EFBC}") = "OdeToFood.Service", "OdeToFood.Service\OdeToFood.Service.csproj", "{A07191CB-0621-43CF-BC7C-65931BBE44DD}"
EndProject
Global
	GlobalSection(SolutionConfigurationPlatforms) = preSolution
		Debug|Any CPU = Debug|Any CPU
		Release|Any CPU = Release|Any CPU
	EndGlobalSection
	GlobalSection(ProjectConfigurationPlatforms) = postSolution
		{555E0825-F19D-434C-B918-4B776D3DF8C3}.Debug|Any CPU.ActiveCfg = Debug|Any CPU
		{555E0825-F19D-434C-B918-4B776D3DF8C3}.Debug|Any CPU.Build.0 = Debug|Any CPU
		{555E0825-F19D-434C-B918-4B776D3DF8C3}.Release|Any CPU.ActiveCfg = Release|Any CPU
		{555E0825-F19D-434C-B918-4B776D3DF8C3}.Release|Any CPU.Build.0 = Release|Any CPU
		{A07191CB-0621-43CF-BC7C-65931BBE44DD}.Debug|Any CPU.ActiveCfg = Debug|Any CPU
		{A07191CB-0621-43CF-BC7C-65931BBE44DD}.Debug|Any CPU.Build.0 = Debug|Any CPU
		{A07191CB-0621-43CF-BC7C-65931BBE44DD}.Release|Any CPU.ActiveCfg = Release|Any CPU
		{A07191CB-0621-43CF-BC7C-65931BBE44DD}.Release|Any CPU.Build.0 = Release|Any CPU
	EndGlobalSection
	GlobalSection(SolutionProperties) = preSolution
		HideSolutionNode = FALSE
	EndGlobalSection
	GlobalSection(ExtensibilityGlobals) = postSolution
		SolutionGuid = {DBE39019-BEDF-49D5-94DC-7B11C623E83F}
	EndGlobalSection
EndGlobal
